// !$*UTF8*$!
{
	archiveVersion = 1;
	classes = {
	};
	objectVersion = 46;
	objects = {

/* Begin PBXBuildFile section */
		170E46DF1898311900E0EB2E /* Foundation.framework in Frameworks */ = {isa = PBXBuildFile; fileRef = 170E46DE1898311900E0EB2E /* Foundation.framework */; };
		170E46E11898311900E0EB2E /* CoreGraphics.framework in Frameworks */ = {isa = PBXBuildFile; fileRef = 170E46E01898311900E0EB2E /* CoreGraphics.framework */; };
		170E46E31898311900E0EB2E /* UIKit.framework in Frameworks */ = {isa = PBXBuildFile; fileRef = 170E46E21898311900E0EB2E /* UIKit.framework */; };
		170E46E51898311900E0EB2E /* CoreData.framework in Frameworks */ = {isa = PBXBuildFile; fileRef = 170E46E41898311900E0EB2E /* CoreData.framework */; };
		170E46EB1898311900E0EB2E /* InfoPlist.strings in Resources */ = {isa = PBXBuildFile; fileRef = 170E46E91898311900E0EB2E /* InfoPlist.strings */; };
		170E46ED1898311900E0EB2E /* main.m in Sources */ = {isa = PBXBuildFile; fileRef = 170E46EC1898311900E0EB2E /* main.m */; };
		170E46F11898311900E0EB2E /* TIAppDelegate.m in Sources */ = {isa = PBXBuildFile; fileRef = 170E46F01898311900E0EB2E /* TIAppDelegate.m */; };
		170E46F41898311900E0EB2E /* ToDoList2.xcdatamodeld in Sources */ = {isa = PBXBuildFile; fileRef = 170E46F21898311900E0EB2E /* ToDoList2.xcdatamodeld */; };
		170E46F61898311900E0EB2E /* Images.xcassets in Resources */ = {isa = PBXBuildFile; fileRef = 170E46F51898311900E0EB2E /* Images.xcassets */; };
		170E46FD1898311900E0EB2E /* XCTest.framework in Frameworks */ = {isa = PBXBuildFile; fileRef = 170E46FC1898311900E0EB2E /* XCTest.framework */; };
		170E46FE1898311900E0EB2E /* Foundation.framework in Frameworks */ = {isa = PBXBuildFile; fileRef = 170E46DE1898311900E0EB2E /* Foundation.framework */; };
		170E46FF1898311900E0EB2E /* UIKit.framework in Frameworks */ = {isa = PBXBuildFile; fileRef = 170E46E21898311900E0EB2E /* UIKit.framework */; };
		170E47001898311900E0EB2E /* CoreData.framework in Frameworks */ = {isa = PBXBuildFile; fileRef = 170E46E41898311900E0EB2E /* CoreData.framework */; };
		170E47081898311900E0EB2E /* InfoPlist.strings in Resources */ = {isa = PBXBuildFile; fileRef = 170E47061898311900E0EB2E /* InfoPlist.strings */; };
		170E470A1898311900E0EB2E /* ToDoList2Tests.m in Sources */ = {isa = PBXBuildFile; fileRef = 170E47091898311900E0EB2E /* ToDoList2Tests.m */; };
		170E47151898329800E0EB2E /* TITodoListViewController.m in Sources */ = {isa = PBXBuildFile; fileRef = 170E47141898329800E0EB2E /* TITodoListViewController.m */; };
		178F538318AABE5800148FDE /* CreateTodoViewController.m in Sources */ = {isa = PBXBuildFile; fileRef = 178F538218AABE5800148FDE /* CreateTodoViewController.m */; };
/* End PBXBuildFile section */

/* Begin PBXContainerItemProxy section */
		170E47011898311900E0EB2E /* PBXContainerItemProxy */ = {
			isa = PBXContainerItemProxy;
			containerPortal = 170E46D31898311900E0EB2E /* Project object */;
			proxyType = 1;
			remoteGlobalIDString = 170E46DA1898311900E0EB2E;
			remoteInfo = ToDoList2;
		};
/* End PBXContainerItemProxy section */

/* Begin PBXFileReference section */
		170E46DB1898311900E0EB2E /* ToDoList2.app */ = {isa = PBXFileReference; explicitFileType = wrapper.application; includeInIndex = 0; path = ToDoList2.app; sourceTree = BUILT_PRODUCTS_DIR; };
		170E46DE1898311900E0EB2E /* Foundation.framework */ = {isa = PBXFileReference; lastKnownFileType = wrapper.framework; name = Foundation.framework; path = System/Library/Frameworks/Foundation.framework; sourceTree = SDKROOT; };
		170E46E01898311900E0EB2E /* CoreGraphics.framework */ = {isa = PBXFileReference; lastKnownFileType = wrapper.framework; name = CoreGraphics.framework; path = System/Library/Frameworks/CoreGraphics.framework; sourceTree = SDKROOT; };
		170E46E21898311900E0EB2E /* UIKit.framework */ = {isa = PBXFileReference; lastKnownFileType = wrapper.framework; name = UIKit.framework; path = System/Library/Frameworks/UIKit.framework; sourceTree = SDKROOT; };
		170E46E41898311900E0EB2E /* CoreData.framework */ = {isa = PBXFileReference; lastKnownFileType = wrapper.framework; name = CoreData.framework; path = System/Library/Frameworks/CoreData.framework; sourceTree = SDKROOT; };
		170E46E81898311900E0EB2E /* ToDoList2-Info.plist */ = {isa = PBXFileReference; lastKnownFileType = text.plist.xml; path = "ToDoList2-Info.plist"; sourceTree = "<group>"; };
		170E46EA1898311900E0EB2E /* en */ = {isa = PBXFileReference; lastKnownFileType = text.plist.strings; name = en; path = en.lproj/InfoPlist.strings; sourceTree = "<group>"; };
		170E46EC1898311900E0EB2E /* main.m */ = {isa = PBXFileReference; lastKnownFileType = sourcecode.c.objc; path = main.m; sourceTree = "<group>"; };
		170E46EE1898311900E0EB2E /* ToDoList2-Prefix.pch */ = {isa = PBXFileReference; lastKnownFileType = sourcecode.c.h; path = "ToDoList2-Prefix.pch"; sourceTree = "<group>"; };
		170E46EF1898311900E0EB2E /* TIAppDelegate.h */ = {isa = PBXFileReference; lastKnownFileType = sourcecode.c.h; path = TIAppDelegate.h; sourceTree = "<group>"; };
		170E46F01898311900E0EB2E /* TIAppDelegate.m */ = {isa = PBXFileReference; lastKnownFileType = sourcecode.c.objc; path = TIAppDelegate.m; sourceTree = "<group>"; };
		170E46F31898311900E0EB2E /* ToDoList2.xcdatamodel */ = {isa = PBXFileReference; lastKnownFileType = wrapper.xcdatamodel; path = ToDoList2.xcdatamodel; sourceTree = "<group>"; };
		170E46F51898311900E0EB2E /* Images.xcassets */ = {isa = PBXFileReference; lastKnownFileType = folder.assetcatalog; path = Images.xcassets; sourceTree = "<group>"; };
		170E46FB1898311900E0EB2E /* ToDoList2Tests.xctest */ = {isa = PBXFileReference; explicitFileType = wrapper.cfbundle; includeInIndex = 0; path = ToDoList2Tests.xctest; sourceTree = BUILT_PRODUCTS_DIR; };
		170E46FC1898311900E0EB2E /* XCTest.framework */ = {isa = PBXFileReference; lastKnownFileType = wrapper.framework; name = XCTest.framework; path = Library/Frameworks/XCTest.framework; sourceTree = DEVELOPER_DIR; };
		170E47051898311900E0EB2E /* ToDoList2Tests-Info.plist */ = {isa = PBXFileReference; lastKnownFileType = text.plist.xml; path = "ToDoList2Tests-Info.plist"; sourceTree = "<group>"; };
		170E47071898311900E0EB2E /* en */ = {isa = PBXFileReference; lastKnownFileType = text.plist.strings; name = en; path = en.lproj/InfoPlist.strings; sourceTree = "<group>"; };
		170E47091898311900E0EB2E /* ToDoList2Tests.m */ = {isa = PBXFileReference; lastKnownFileType = sourcecode.c.objc; path = ToDoList2Tests.m; sourceTree = "<group>"; };
		170E47131898329800E0EB2E /* TITodoListViewController.h */ = {isa = PBXFileReference; fileEncoding = 4; lastKnownFileType = sourcecode.c.h; path = TITodoListViewController.h; sourceTree = "<group>"; };
		170E47141898329800E0EB2E /* TITodoListViewController.m */ = {isa = PBXFileReference; fileEncoding = 4; lastKnownFileType = sourcecode.c.objc; path = TITodoListViewController.m; sourceTree = "<group>"; };
		178F538118AABE5800148FDE /* CreateTodoViewController.h */ = {isa = PBXFileReference; fileEncoding = 4; lastKnownFileType = sourcecode.c.h; name = CreateTodoViewController.h; path = ../CreateTodoViewController.h; sourceTree = "<group>"; };
		178F538218AABE5800148FDE /* CreateTodoViewController.m */ = {isa = PBXFileReference; fileEncoding = 4; lastKnownFileType = sourcecode.c.objc; name = CreateTodoViewController.m; path = ../CreateTodoViewController.m; sourceTree = "<group>"; };
/* End PBXFileReference section */

/* Begin PBXFrameworksBuildPhase section */
		170E46D81898311900E0EB2E /* Frameworks */ = {
			isa = PBXFrameworksBuildPhase;
			buildActionMask = 2147483647;
			files = (
				170E46E11898311900E0EB2E /* CoreGraphics.framework in Frameworks */,
				170E46E51898311900E0EB2E /* CoreData.framework in Frameworks */,
				170E46E31898311900E0EB2E /* UIKit.framework in Frameworks */,
				170E46DF1898311900E0EB2E /* Foundation.framework in Frameworks */,
			);
			runOnlyForDeploymentPostprocessing = 0;
		};
		170E46F81898311900E0EB2E /* Frameworks */ = {
			isa = PBXFrameworksBuildPhase;
			buildActionMask = 2147483647;
			files = (
				170E46FD1898311900E0EB2E /* XCTest.framework in Frameworks */,
				170E47001898311900E0EB2E /* CoreData.framework in Frameworks */,
				170E46FF1898311900E0EB2E /* UIKit.framework in Frameworks */,
				170E46FE1898311900E0EB2E /* Foundation.framework in Frameworks */,
			);
			runOnlyForDeploymentPostprocessing = 0;
		};
/* End PBXFrameworksBuildPhase section */

/* Begin PBXGroup section */
		170E46D21898311900E0EB2E = {
			isa = PBXGroup;
			children = (
				170E46E61898311900E0EB2E /* ToDoList2 */,
				170E47031898311900E0EB2E /* ToDoList2Tests */,
				170E46DD1898311900E0EB2E /* Frameworks */,
				170E46DC1898311900E0EB2E /* Products */,
			);
			sourceTree = "<group>";
		};
		170E46DC1898311900E0EB2E /* Products */ = {
			isa = PBXGroup;
			children = (
				170E46DB1898311900E0EB2E /* ToDoList2.app */,
				170E46FB1898311900E0EB2E /* ToDoList2Tests.xctest */,
			);
			name = Products;
			sourceTree = "<group>";
		};
		170E46DD1898311900E0EB2E /* Frameworks */ = {
			isa = PBXGroup;
			children = (
				170E46DE1898311900E0EB2E /* Foundation.framework */,
				170E46E01898311900E0EB2E /* CoreGraphics.framework */,
				170E46E21898311900E0EB2E /* UIKit.framework */,
				170E46E41898311900E0EB2E /* CoreData.framework */,
				170E46FC1898311900E0EB2E /* XCTest.framework */,
			);
			name = Frameworks;
			sourceTree = "<group>";
		};
		170E46E61898311900E0EB2E /* ToDoList2 */ = {
			isa = PBXGroup;
			children = (
				178F538118AABE5800148FDE /* CreateTodoViewController.h */,
				178F538218AABE5800148FDE /* CreateTodoViewController.m */,
				170E47131898329800E0EB2E /* TITodoListViewController.h */,
				170E47141898329800E0EB2E /* TITodoListViewController.m */,
				170E46EF1898311900E0EB2E /* TIAppDelegate.h */,
				170E46F01898311900E0EB2E /* TIAppDelegate.m */,
				170E46F51898311900E0EB2E /* Images.xcassets */,
				170E46F21898311900E0EB2E /* ToDoList2.xcdatamodeld */,
				170E46E71898311900E0EB2E /* Supporting Files */,
			);
			path = ToDoList2;
			sourceTree = "<group>";
		};
		170E46E71898311900E0EB2E /* Supporting Files */ = {
			isa = PBXGroup;
			children = (
				170E46E81898311900E0EB2E /* ToDoList2-Info.plist */,
				170E46E91898311900E0EB2E /* InfoPlist.strings */,
				170E46EC1898311900E0EB2E /* main.m */,
				170E46EE1898311900E0EB2E /* ToDoList2-Prefix.pch */,
			);
			name = "Supporting Files";
			sourceTree = "<group>";
		};
		170E47031898311900E0EB2E /* ToDoList2Tests */ = {
			isa = PBXGroup;
			children = (
				170E47091898311900E0EB2E /* ToDoList2Tests.m */,
				170E47041898311900E0EB2E /* Supporting Files */,
			);
			path = ToDoList2Tests;
			sourceTree = "<group>";
		};
		170E47041898311900E0EB2E /* Supporting Files */ = {
			isa = PBXGroup;
			children = (
				170E47051898311900E0EB2E /* ToDoList2Tests-Info.plist */,
				170E47061898311900E0EB2E /* InfoPlist.strings */,
			);
			name = "Supporting Files";
			sourceTree = "<group>";
		};
/* End PBXGroup section */

/* Begin PBXNativeTarget section */
		170E46DA1898311900E0EB2E /* ToDoList2 */ = {
			isa = PBXNativeTarget;
			buildConfigurationList = 170E470D1898311900E0EB2E /* Build configuration list for PBXNativeTarget "ToDoList2" */;
			buildPhases = (
				170E46D71898311900E0EB2E /* Sources */,
				170E46D81898311900E0EB2E /* Frameworks */,
				170E46D91898311900E0EB2E /* Resources */,
			);
			buildRules = (
			);
			dependencies = (
			);
			name = ToDoList2;
			productName = ToDoList2;
			productReference = 170E46DB1898311900E0EB2E /* ToDoList2.app */;
			productType = "com.apple.product-type.application";
		};
		170E46FA1898311900E0EB2E /* ToDoList2Tests */ = {
			isa = PBXNativeTarget;
			buildConfigurationList = 170E47101898311900E0EB2E /* Build configuration list for PBXNativeTarget "ToDoList2Tests" */;
			buildPhases = (
				170E46F71898311900E0EB2E /* Sources */,
				170E46F81898311900E0EB2E /* Frameworks */,
				170E46F91898311900E0EB2E /* Resources */,
			);
			buildRules = (
			);
			dependencies = (
				170E47021898311900E0EB2E /* PBXTargetDependency */,
			);
			name = ToDoList2Tests;
			productName = ToDoList2Tests;
			productReference = 170E46FB1898311900E0EB2E /* ToDoList2Tests.xctest */;
			productType = "com.apple.product-type.bundle.unit-test";
		};
/* End PBXNativeTarget section */

/* Begin PBXProject section */
		170E46D31898311900E0EB2E /* Project object */ = {
			isa = PBXProject;
			attributes = {
				CLASSPREFIX = TI;
				LastUpgradeCheck = 0500;
				ORGANIZATIONNAME = "Tatsu Ikeda";
				TargetAttributes = {
					170E46FA1898311900E0EB2E = {
						TestTargetID = 170E46DA1898311900E0EB2E;
					};
				};
			};
			buildConfigurationList = 170E46D61898311900E0EB2E /* Build configuration list for PBXProject "ToDoList2" */;
			compatibilityVersion = "Xcode 3.2";
			developmentRegion = English;
			hasScannedForEncodings = 0;
			knownRegions = (
				en,
			);
			mainGroup = 170E46D21898311900E0EB2E;
			productRefGroup = 170E46DC1898311900E0EB2E /* Products */;
			projectDirPath = "";
			projectRoot = "";
			targets = (
				170E46DA1898311900E0EB2E /* ToDoList2 */,
				170E46FA1898311900E0EB2E /* ToDoList2Tests */,
			);
		};
/* End PBXProject section */

/* Begin PBXResourcesBuildPhase section */
		170E46D91898311900E0EB2E /* Resources */ = {
			isa = PBXResourcesBuildPhase;
			buildActionMask = 2147483647;
			files = (
				170E46EB1898311900E0EB2E /* InfoPlist.strings in Resources */,
				170E46F61898311900E0EB2E /* Images.xcassets in Resources */,
			);
			runOnlyForDeploymentPostprocessing = 0;
		};
		170E46F91898311900E0EB2E /* Resources */ = {
			isa = PBXResourcesBuildPhase;
			buildActionMask = 2147483647;
			files = (
				170E47081898311900E0EB2E /* InfoPlist.strings in Resources */,
			);
			runOnlyForDeploymentPostprocessing = 0;
		};
/* End PBXResourcesBuildPhase section */

/* Begin PBXSourcesBuildPhase section */
		170E46D71898311900E0EB2E /* Sources */ = {
			isa = PBXSourcesBuildPhase;
			buildActionMask = 2147483647;
			files = (
				170E46ED1898311900E0EB2E /* main.m in Sources */,
				170E46F11898311900E0EB2E /* TIAppDelegate.m in Sources */,
				170E46F41898311900E0EB2E /* ToDoList2.xcdatamodeld in Sources */,
				178F538318AABE5800148FDE /* CreateTodoViewController.m in Sources */,
				170E47151898329800E0EB2E /* TITodoListViewController.m in Sources */,
			);
			runOnlyForDeploymentPostprocessing = 0;
		};
		170E46F71898311900E0EB2E /* Sources */ = {
			isa = PBXSourcesBuildPhase;
			buildActionMask = 2147483647;
			files = (
				170E470A1898311900E0EB2E /* ToDoList2Tests.m in Sources */,
			);
			runOnlyForDeploymentPostprocessing = 0;
		};
/* End PBXSourcesBuildPhase section */

/* Begin PBXTargetDependency section */
		170E47021898311900E0EB2E /* PBXTargetDependency */ = {
			isa = PBXTargetDependency;
			target = 170E46DA1898311900E0EB2E /* ToDoList2 */;
			targetProxy = 170E47011898311900E0EB2E /* PBXContainerItemProxy */;
		};
/* End PBXTargetDependency section */

/* Begin PBXVariantGroup section */
		170E46E91898311900E0EB2E /* InfoPlist.strings */ = {
			isa = PBXVariantGroup;
			children = (
				170E46EA1898311900E0EB2E /* en */,
			);
			name = InfoPlist.strings;
			sourceTree = "<group>";
		};
		170E47061898311900E0EB2E /* InfoPlist.strings */ = {
			isa = PBXVariantGroup;
			children = (
				170E47071898311900E0EB2E /* en */,
			);
			name = InfoPlist.strings;
			sourceTree = "<group>";
		};
/* End PBXVariantGroup section */

/* Begin XCBuildConfiguration section */
		170E470B1898311900E0EB2E /* Debug */ = {
			isa = XCBuildConfiguration;
			buildSettings = {
				ALWAYS_SEARCH_USER_PATHS = NO;
				ARCHS = "$(ARCHS_STANDARD_INCLUDING_64_BIT)";
				CLANG_CXX_LANGUAGE_STANDARD = "gnu++0x";
				CLANG_CXX_LIBRARY = "libc++";
				CLANG_ENABLE_MODULES = YES;
				CLANG_ENABLE_OBJC_ARC = YES;
				CLANG_WARN_BOOL_CONVERSION = YES;
				CLANG_WARN_CONSTANT_CONVERSION = YES;
				CLANG_WARN_DIRECT_OBJC_ISA_USAGE = YES_ERROR;
				CLANG_WARN_EMPTY_BODY = YES;
				CLANG_WARN_ENUM_CONVERSION = YES;
				CLANG_WARN_INT_CONVERSION = YES;
				CLANG_WARN_OBJC_ROOT_CLASS = YES_ERROR;
				CLANG_WARN__DUPLICATE_METHOD_MATCH = YES;
				"CODE_SIGN_IDENTITY[sdk=iphoneos*]" = "iPhone Developer";
				COPY_PHASE_STRIP = NO;
				GCC_C_LANGUAGE_STANDARD = gnu99;
				GCC_DYNAMIC_NO_PIC = NO;
				GCC_OPTIMIZATION_LEVEL = 0;
				GCC_PREPROCESSOR_DEFINITIONS = (
					"DEBUG=1",
					"$(inherited)",
				);
				GCC_SYMBOLS_PRIVATE_EXTERN = NO;
				GCC_WARN_64_TO_32_BIT_CONVERSION = YES;
				GCC_WARN_ABOUT_RETURN_TYPE = YES_ERROR;
				GCC_WARN_UNDECLARED_SELECTOR = YES;
				GCC_WARN_UNINITIALIZED_AUTOS = YES;
				GCC_WARN_UNUSED_FUNCTION = YES;
				GCC_WARN_UNUSED_VARIABLE = YES;
				IPHONEOS_DEPLOYMENT_TARGET = 7.0;
				ONLY_ACTIVE_ARCH = YES;
				SDKROOT = iphoneos;
			};
			name = Debug;
		};
		170E470C1898311900E0EB2E /* Release */ = {
			isa = XCBuildConfiguration;
			buildSettings = {
				ALWAYS_SEARCH_USER_PATHS = NO;
				ARCHS = "$(ARCHS_STANDARD_INCLUDING_64_BIT)";
				CLANG_CXX_LANGUAGE_STANDARD = "gnu++0x";
				CLANG_CXX_LIBRARY = "libc++";
				CLANG_ENABLE_MODULES = YES;
				CLANG_ENABLE_OBJC_ARC = YES;
				CLANG_WARN_BOOL_CONVERSION = YES;
				CLANG_WARN_CONSTANT_CONVERSION = YES;
				CLANG_WARN_DIRECT_OBJC_ISA_USAGE = YES_ERROR;
				CLANG_WARN_EMPTY_BODY = YES;
				CLANG_WARN_ENUM_CONVERSION = YES;
				CLANG_WARN_INT_CONVERSION = YES;
				CLANG_WARN_OBJC_ROOT_CLASS = YES_ERROR;
				CLANG_WARN__DUPLICATE_METHOD_MATCH = YES;
				"CODE_SIGN_IDENTITY[sdk=iphoneos*]" = "iPhone Developer";
				COPY_PHASE_STRIP = YES;
				ENABLE_NS_ASSERTIONS = NO;
				GCC_C_LANGUAGE_STANDARD = gnu99;
				GCC_WARN_64_TO_32_BIT_CONVERSION = YES;
				GCC_WARN_ABOUT_RETURN_TYPE = YES_ERROR;
				GCC_WARN_UNDECLARED_SELECTOR = YES;
				GCC_WARN_UNINITIALIZED_AUTOS = YES;
				GCC_WARN_UNUSED_FUNCTION = YES;
				GCC_WARN_UNUSED_VARIABLE = YES;
				IPHONEOS_DEPLOYMENT_TARGET = 7.0;
				SDKROOT = iphoneos;
				VALIDATE_PRODUCT = YES;
			};
			name = Release;
		};
		170E470E1898311900E0EB2E /* Debug */ = {
			isa = XCBuildConfiguration;
			buildSettings = {
				ASSETCATALOG_COMPILER_APPICON_NAME = AppIcon;
				ASSETCATALOG_COMPILER_LAUNCHIMAGE_NAME = LaunchImage;
				GCC_PRECOMPILE_PREFIX_HEADER = YES;
				GCC_PREFIX_HEADER = "ToDoList2/ToDoList2-Prefix.pch";
				INFOPLIST_FILE = "ToDoList2/ToDoList2-Info.plist";
				PRODUCT_NAME = "$(TARGET_NAME)";
				WRAPPER_EXTENSION = app;
			};
			name = Debug;
		};
		170E470F1898311900E0EB2E /* Release */ = {
			isa = XCBuildConfiguration;
			buildSettings = {
				ASSETCATALOG_COMPILER_APPICON_NAME = AppIcon;
				ASSETCATALOG_COMPILER_LAUNCHIMAGE_NAME = LaunchImage;
				GCC_PRECOMPILE_PREFIX_HEADER = YES;
				GCC_PREFIX_HEADER = "ToDoList2/ToDoList2-Prefix.pch";
				INFOPLIST_FILE = "ToDoList2/ToDoList2-Info.plist";
				PRODUCT_NAME = "$(TARGET_NAME)";
				WRAPPER_EXTENSION = app;
			};
			name = Release;
		};
		170E47111898311900E0EB2E /* Debug */ = {
			isa = XCBuildConfiguration;
			buildSettings = {
				ARCHS = "$(ARCHS_STANDARD_INCLUDING_64_BIT)";
				BUNDLE_LOADER = "$(BUILT_PRODUCTS_DIR)/ToDoList2.app/ToDoList2";
				FRAMEWORK_SEARCH_PATHS = (
					"$(SDKROOT)/Developer/Library/Frameworks",
					"$(inherited)",
					"$(DEVELOPER_FRAMEWORKS_DIR)",
				);
				GCC_PRECOMPILE_PREFIX_HEADER = YES;
				GCC_PREFIX_HEADER = "ToDoList2/ToDoList2-Prefix.pch";
				GCC_PREPROCESSOR_DEFINITIONS = (
					"DEBUG=1",
					"$(inherited)",
				);
				INFOPLIST_FILE = "ToDoList2Tests/ToDoList2Tests-Info.plist";
				PRODUCT_NAME = "$(TARGET_NAME)";
				TEST_HOST = "$(BUNDLE_LOADER)";
				WRAPPER_EXTENSION = xctest;
			};
			name = Debug;
		};
		170E47121898311900E0EB2E /* Release */ = {
			isa = XCBuildConfiguration;
			buildSettings = {
				ARCHS = "$(ARCHS_STANDARD_INCLUDING_64_BIT)";
				BUNDLE_LOADER = "$(BUILT_PRODUCTS_DIR)/ToDoList2.app/ToDoList2";
				FRAMEWORK_SEARCH_PATHS = (
					"$(SDKROOT)/Developer/Library/Frameworks",
					"$(inherited)",
					"$(DEVELOPER_FRAMEWORKS_DIR)",
				);
				GCC_PRECOMPILE_PREFIX_HEADER = YES;
				GCC_PREFIX_HEADER = "ToDoList2/ToDoList2-Prefix.pch";
				INFOPLIST_FILE = "ToDoList2Tests/ToDoList2Tests-Info.plist";
				PRODUCT_NAME = "$(TARGET_NAME)";
				TEST_HOST = "$(BUNDLE_LOADER)";
				WRAPPER_EXTENSION = xctest;
			};
			name = Release;
		};
/* End XCBuildConfiguration section */

/* Begin XCConfigurationList section */
		170E46D61898311900E0EB2E /* Build configuration list for PBXProject "ToDoList2" */ = {
			isa = XCConfigurationList;
			buildConfigurations = (
				170E470B1898311900E0EB2E /* Debug */,
				170E470C1898311900E0EB2E /* Release */,
			);
			defaultConfigurationIsVisible = 0;
			defaultConfigurationName = Release;
		};
		170E470D1898311900E0EB2E /* Build configuration list for PBXNativeTarget "ToDoList2" */ = {
			isa = XCConfigurationList;
			buildConfigurations = (
				170E470E1898311900E0EB2E /* Debug */,
				170E470F1898311900E0EB2E /* Release */,
			);
			defaultConfigurationIsVisible = 0;
			defaultConfigurationName = Release;
		};
		170E47101898311900E0EB2E /* Build configuration list for PBXNativeTarget "ToDoList2Tests" */ = {
			isa = XCConfigurationList;
			buildConfigurations = (
				170E47111898311900E0EB2E /* Debug */,
				170E47121898311900E0EB2E /* Release */,
			);
			defaultConfigurationIsVisible = 0;
			defaultConfigurationName = Release;
		};
/* End XCConfigurationList section */

/* Begin XCVersionGroup section */
		170E46F21898311900E0EB2E /* ToDoList2.xcdatamodeld */ = {
			isa = XCVersionGroup;
			children = (
				170E46F31898311900E0EB2E /* ToDoList2.xcdatamodel */,
			);
			currentVersion = 170E46F31898311900E0EB2E /* ToDoList2.xcdatamodel */;
			path = ToDoList2.xcdatamodeld;
			sourceTree = "<group>";
			versionGroupType = wrapper.xcdatamodel;
		};
/* End XCVersionGroup section */
	};
	rootObject = 170E46D31898311900E0EB2E /* Project object */;
}
